// !$*UTF8*$!
{
	archiveVersion = 1;
	classes = {
	};
	objectVersion = 56;
	objects = {

/* Begin PBXBuildFile section */
		3D0E20E02A0D611A00686FFB /* TodoeyApp.swift in Sources */ = {isa = PBXBuildFile; fileRef = 3D0E20DF2A0D611A00686FFB /* TodoeyApp.swift */; };
		3D0E20E22A0D611A00686FFB /* HomeView.swift in Sources */ = {isa = PBXBuildFile; fileRef = 3D0E20E12A0D611A00686FFB /* HomeView.swift */; };
		3D0E20E42A0D611A00686FFB /* Assets.xcassets in Resources */ = {isa = PBXBuildFile; fileRef = 3D0E20E32A0D611A00686FFB /* Assets.xcassets */; };
		3D0E20E72A0D611A00686FFB /* Preview Assets.xcassets in Resources */ = {isa = PBXBuildFile; fileRef = 3D0E20E62A0D611A00686FFB /* Preview Assets.xcassets */; };
		3D0E20EF2A0D622E00686FFB /* Todo.swift in Sources */ = {isa = PBXBuildFile; fileRef = 3D0E20EE2A0D622E00686FFB /* Todo.swift */; };
		3D0E20F22A0D671E00686FFB /* TodoItemRow.swift in Sources */ = {isa = PBXBuildFile; fileRef = 3D0E20F12A0D671E00686FFB /* TodoItemRow.swift */; };
		3D0E20F72A0D819F00686FFB /* RoundedSystemImageToolbarItem.swift in Sources */ = {isa = PBXBuildFile; fileRef = 3D0E20F62A0D819F00686FFB /* RoundedSystemImageToolbarItem.swift */; };
		3D0E20F92A0D82A700686FFB /* SystemImageToolbarItem.swift in Sources */ = {isa = PBXBuildFile; fileRef = 3D0E20F82A0D82A700686FFB /* SystemImageToolbarItem.swift */; };
		3D0E20FD2A0D83A800686FFB /* EmptyStateView.swift in Sources */ = {isa = PBXBuildFile; fileRef = 3D0E20FC2A0D83A800686FFB /* EmptyStateView.swift */; };
		3D0E20FF2A0D8DAE00686FFB /* AddTodoView.swift in Sources */ = {isa = PBXBuildFile; fileRef = 3D0E20FE2A0D8DAE00686FFB /* AddTodoView.swift */; };
		3D0E21012A0D8EB000686FFB /* FormButton.swift in Sources */ = {isa = PBXBuildFile; fileRef = 3D0E21002A0D8EB000686FFB /* FormButton.swift */; };
		3D0E21032A0D90E700686FFB /* UpdateTodoView.swift in Sources */ = {isa = PBXBuildFile; fileRef = 3D0E21022A0D90E700686FFB /* UpdateTodoView.swift */; };
		3D0E21082A0D989C00686FFB /* TodoListView.swift in Sources */ = {isa = PBXBuildFile; fileRef = 3D0E21072A0D989C00686FFB /* TodoListView.swift */; };
		3D0E210A2A0DB63400686FFB /* FileManagerPersistanceService.swift in Sources */ = {isa = PBXBuildFile; fileRef = 3D0E21092A0DB63400686FFB /* FileManagerPersistanceService.swift */; };
		3D1EDCF82A0E996400998C67 /* SortBy.swift in Sources */ = {isa = PBXBuildFile; fileRef = 3D1EDCF72A0E996400998C67 /* SortBy.swift */; };
		3D8943A52A0ECDD300A312CF /* TodoFileManagerService.swift in Sources */ = {isa = PBXBuildFile; fileRef = 3D8943A42A0ECDD300A312CF /* TodoFileManagerService.swift */; };
		3D8943A72A10A2CA00A312CF /* FileManagerServicableProtocol.swift in Sources */ = {isa = PBXBuildFile; fileRef = 3D8943A62A10A2CA00A312CF /* FileManagerServicableProtocol.swift */; };
		3DD3D63F2A0E82F50035EB97 /* TodoManager.swift in Sources */ = {isa = PBXBuildFile; fileRef = 3DD3D63E2A0E82F50035EB97 /* TodoManager.swift */; };
/* End PBXBuildFile section */

/* Begin PBXFileReference section */
		3D0E20DC2A0D611A00686FFB /* Todoey.app */ = {isa = PBXFileReference; explicitFileType = wrapper.application; includeInIndex = 0; path = Todoey.app; sourceTree = BUILT_PRODUCTS_DIR; };
		3D0E20DF2A0D611A00686FFB /* TodoeyApp.swift */ = {isa = PBXFileReference; lastKnownFileType = sourcecode.swift; path = TodoeyApp.swift; sourceTree = "<group>"; };
		3D0E20E12A0D611A00686FFB /* HomeView.swift */ = {isa = PBXFileReference; lastKnownFileType = sourcecode.swift; path = HomeView.swift; sourceTree = "<group>"; };
		3D0E20E32A0D611A00686FFB /* Assets.xcassets */ = {isa = PBXFileReference; lastKnownFileType = folder.assetcatalog; path = Assets.xcassets; sourceTree = "<group>"; };
		3D0E20E62A0D611A00686FFB /* Preview Assets.xcassets */ = {isa = PBXFileReference; lastKnownFileType = folder.assetcatalog; path = "Preview Assets.xcassets"; sourceTree = "<group>"; };
		3D0E20EE2A0D622E00686FFB /* Todo.swift */ = {isa = PBXFileReference; lastKnownFileType = sourcecode.swift; path = Todo.swift; sourceTree = "<group>"; };
		3D0E20F12A0D671E00686FFB /* TodoItemRow.swift */ = {isa = PBXFileReference; lastKnownFileType = sourcecode.swift; path = TodoItemRow.swift; sourceTree = "<group>"; };
		3D0E20F62A0D819F00686FFB /* RoundedSystemImageToolbarItem.swift */ = {isa = PBXFileReference; lastKnownFileType = sourcecode.swift; path = RoundedSystemImageToolbarItem.swift; sourceTree = "<group>"; };
		3D0E20F82A0D82A700686FFB /* SystemImageToolbarItem.swift */ = {isa = PBXFileReference; lastKnownFileType = sourcecode.swift; path = SystemImageToolbarItem.swift; sourceTree = "<group>"; };
		3D0E20FC2A0D83A800686FFB /* EmptyStateView.swift */ = {isa = PBXFileReference; lastKnownFileType = sourcecode.swift; path = EmptyStateView.swift; sourceTree = "<group>"; };
		3D0E20FE2A0D8DAE00686FFB /* AddTodoView.swift */ = {isa = PBXFileReference; lastKnownFileType = sourcecode.swift; path = AddTodoView.swift; sourceTree = "<group>"; };
		3D0E21002A0D8EB000686FFB /* FormButton.swift */ = {isa = PBXFileReference; lastKnownFileType = sourcecode.swift; path = FormButton.swift; sourceTree = "<group>"; };
		3D0E21022A0D90E700686FFB /* UpdateTodoView.swift */ = {isa = PBXFileReference; lastKnownFileType = sourcecode.swift; path = UpdateTodoView.swift; sourceTree = "<group>"; };
		3D0E21072A0D989C00686FFB /* TodoListView.swift */ = {isa = PBXFileReference; lastKnownFileType = sourcecode.swift; path = TodoListView.swift; sourceTree = "<group>"; };
		3D0E21092A0DB63400686FFB /* FileManagerPersistanceService.swift */ = {isa = PBXFileReference; lastKnownFileType = sourcecode.swift; path = FileManagerPersistanceService.swift; sourceTree = "<group>"; };
		3D1EDCF72A0E996400998C67 /* SortBy.swift */ = {isa = PBXFileReference; lastKnownFileType = sourcecode.swift; path = SortBy.swift; sourceTree = "<group>"; };
		3D8943A42A0ECDD300A312CF /* TodoFileManagerService.swift */ = {isa = PBXFileReference; lastKnownFileType = sourcecode.swift; path = TodoFileManagerService.swift; sourceTree = "<group>"; };
		3D8943A62A10A2CA00A312CF /* FileManagerServicableProtocol.swift */ = {isa = PBXFileReference; lastKnownFileType = sourcecode.swift; path = FileManagerServicableProtocol.swift; sourceTree = "<group>"; };
		3DD3D63E2A0E82F50035EB97 /* TodoManager.swift */ = {isa = PBXFileReference; lastKnownFileType = sourcecode.swift; path = TodoManager.swift; sourceTree = "<group>"; };
/* End PBXFileReference section */

/* Begin PBXFrameworksBuildPhase section */
		3D0E20D92A0D611A00686FFB /* Frameworks */ = {
			isa = PBXFrameworksBuildPhase;
			buildActionMask = 2147483647;
			files = (
			);
			runOnlyForDeploymentPostprocessing = 0;
		};
/* End PBXFrameworksBuildPhase section */

/* Begin PBXGroup section */
		3D0E20D32A0D611A00686FFB = {
			isa = PBXGroup;
			children = (
				3D0E20DE2A0D611A00686FFB /* Todoey */,
				3D0E20DD2A0D611A00686FFB /* Products */,
			);
			sourceTree = "<group>";
		};
		3D0E20DD2A0D611A00686FFB /* Products */ = {
			isa = PBXGroup;
			children = (
				3D0E20DC2A0D611A00686FFB /* Todoey.app */,
			);
			name = Products;
			sourceTree = "<group>";
		};
		3D0E20DE2A0D611A00686FFB /* Todoey */ = {
			isa = PBXGroup;
			children = (
				3DD3D63D2A0E82E80035EB97 /* Managers */,
				3D0E21042A0D94DE00686FFB /* Services */,
				3D0E20F02A0D670F00686FFB /* Views */,
				3D0E20ED2A0D61F400686FFB /* Models */,
				3D0E20DF2A0D611A00686FFB /* TodoeyApp.swift */,
				3D0E20E32A0D611A00686FFB /* Assets.xcassets */,
				3D0E20E52A0D611A00686FFB /* Preview Content */,
			);
			path = Todoey;
			sourceTree = "<group>";
		};
		3D0E20E52A0D611A00686FFB /* Preview Content */ = {
			isa = PBXGroup;
			children = (
				3D0E20E62A0D611A00686FFB /* Preview Assets.xcassets */,
			);
			path = "Preview Content";
			sourceTree = "<group>";
		};
		3D0E20ED2A0D61F400686FFB /* Models */ = {
			isa = PBXGroup;
			children = (
				3D0E20EE2A0D622E00686FFB /* Todo.swift */,
				3D1EDCF72A0E996400998C67 /* SortBy.swift */,
			);
			path = Models;
			sourceTree = "<group>";
		};
		3D0E20F02A0D670F00686FFB /* Views */ = {
			isa = PBXGroup;
			children = (
				3D0E20F32A0D815E00686FFB /* Components */,
				3D0E20E12A0D611A00686FFB /* HomeView.swift */,
				3D0E20FE2A0D8DAE00686FFB /* AddTodoView.swift */,
				3D0E21022A0D90E700686FFB /* UpdateTodoView.swift */,
			);
			path = Views;
			sourceTree = "<group>";
		};
		3D0E20F32A0D815E00686FFB /* Components */ = {
			isa = PBXGroup;
			children = (
				3D0E20FB2A0D839900686FFB /* ReusableViews */,
				3D0E20FA2A0D837E00686FFB /* ToolBarItems */,
				3D0E20F52A0D817400686FFB /* Buttons */,
				3D0E20F42A0D816500686FFB /* Rows-Cells */,
			);
			path = Components;
			sourceTree = "<group>";
		};
		3D0E20F42A0D816500686FFB /* Rows-Cells */ = {
			isa = PBXGroup;
			children = (
				3D0E20F12A0D671E00686FFB /* TodoItemRow.swift */,
			);
			path = "Rows-Cells";
			sourceTree = "<group>";
		};
		3D0E20F52A0D817400686FFB /* Buttons */ = {
			isa = PBXGroup;
			children = (
				3D0E21002A0D8EB000686FFB /* FormButton.swift */,
			);
			path = Buttons;
			sourceTree = "<group>";
		};
		3D0E20FA2A0D837E00686FFB /* ToolBarItems */ = {
			isa = PBXGroup;
			children = (
				3D0E20F62A0D819F00686FFB /* RoundedSystemImageToolbarItem.swift */,
				3D0E20F82A0D82A700686FFB /* SystemImageToolbarItem.swift */,
			);
			path = ToolBarItems;
			sourceTree = "<group>";
		};
		3D0E20FB2A0D839900686FFB /* ReusableViews */ = {
			isa = PBXGroup;
			children = (
				3D0E20FC2A0D83A800686FFB /* EmptyStateView.swift */,
				3D0E21072A0D989C00686FFB /* TodoListView.swift */,
			);
			path = ReusableViews;
			sourceTree = "<group>";
		};
		3D0E21042A0D94DE00686FFB /* Services */ = {
			isa = PBXGroup;
			children = (
				3D0E21092A0DB63400686FFB /* FileManagerPersistanceService.swift */,
				3D8943A62A10A2CA00A312CF /* FileManagerServicableProtocol.swift */,
				3D8943A42A0ECDD300A312CF /* TodoFileManagerService.swift */,
			);
			path = Services;
			sourceTree = "<group>";
		};
		3DD3D63D2A0E82E80035EB97 /* Managers */ = {
			isa = PBXGroup;
			children = (
				3DD3D63E2A0E82F50035EB97 /* TodoManager.swift */,
			);
			path = Managers;
			sourceTree = "<group>";
		};
/* End PBXGroup section */

/* Begin PBXNativeTarget section */
		3D0E20DB2A0D611A00686FFB /* Todoey */ = {
			isa = PBXNativeTarget;
			buildConfigurationList = 3D0E20EA2A0D611A00686FFB /* Build configuration list for PBXNativeTarget "Todoey" */;
			buildPhases = (
				3D0E20D82A0D611A00686FFB /* Sources */,
				3D0E20D92A0D611A00686FFB /* Frameworks */,
				3D0E20DA2A0D611A00686FFB /* Resources */,
			);
			buildRules = (
			);
			dependencies = (
			);
			name = Todoey;
			productName = Todoey;
			productReference = 3D0E20DC2A0D611A00686FFB /* Todoey.app */;
			productType = "com.apple.product-type.application";
		};
/* End PBXNativeTarget section */

/* Begin PBXProject section */
		3D0E20D42A0D611A00686FFB /* Project object */ = {
			isa = PBXProject;
			attributes = {
				BuildIndependentTargetsInParallel = 1;
				LastSwiftUpdateCheck = 1410;
				LastUpgradeCheck = 1410;
				TargetAttributes = {
					3D0E20DB2A0D611A00686FFB = {
						CreatedOnToolsVersion = 14.1;
					};
				};
			};
			buildConfigurationList = 3D0E20D72A0D611A00686FFB /* Build configuration list for PBXProject "Todoey" */;
			compatibilityVersion = "Xcode 14.0";
			developmentRegion = en;
			hasScannedForEncodings = 0;
			knownRegions = (
				en,
				Base,
			);
			mainGroup = 3D0E20D32A0D611A00686FFB;
			productRefGroup = 3D0E20DD2A0D611A00686FFB /* Products */;
			projectDirPath = "";
			projectRoot = "";
			targets = (
				3D0E20DB2A0D611A00686FFB /* Todoey */,
			);
		};
/* End PBXProject section */

/* Begin PBXResourcesBuildPhase section */
		3D0E20DA2A0D611A00686FFB /* Resources */ = {
			isa = PBXResourcesBuildPhase;
			buildActionMask = 2147483647;
			files = (
				3D0E20E72A0D611A00686FFB /* Preview Assets.xcassets in Resources */,
				3D0E20E42A0D611A00686FFB /* Assets.xcassets in Resources */,
			);
			runOnlyForDeploymentPostprocessing = 0;
		};
/* End PBXResourcesBuildPhase section */

/* Begin PBXSourcesBuildPhase section */
		3D0E20D82A0D611A00686FFB /* Sources */ = {
			isa = PBXSourcesBuildPhase;
			buildActionMask = 2147483647;
			files = (
				3D0E20E22A0D611A00686FFB /* HomeView.swift in Sources */,
				3D0E210A2A0DB63400686FFB /* FileManagerPersistanceService.swift in Sources */,
				3D0E20F22A0D671E00686FFB /* TodoItemRow.swift in Sources */,
				3D8943A72A10A2CA00A312CF /* FileManagerServicableProtocol.swift in Sources */,
				3D8943A52A0ECDD300A312CF /* TodoFileManagerService.swift in Sources */,
				3D0E20F72A0D819F00686FFB /* RoundedSystemImageToolbarItem.swift in Sources */,
				3DD3D63F2A0E82F50035EB97 /* TodoManager.swift in Sources */,
				3D0E21032A0D90E700686FFB /* UpdateTodoView.swift in Sources */,
				3D1EDCF82A0E996400998C67 /* SortBy.swift in Sources */,
				3D0E21082A0D989C00686FFB /* TodoListView.swift in Sources */,
				3D0E20F92A0D82A700686FFB /* SystemImageToolbarItem.swift in Sources */,
				3D0E20EF2A0D622E00686FFB /* Todo.swift in Sources */,
				3D0E21012A0D8EB000686FFB /* FormButton.swift in Sources */,
				3D0E20E02A0D611A00686FFB /* TodoeyApp.swift in Sources */,
				3D0E20FF2A0D8DAE00686FFB /* AddTodoView.swift in Sources */,
				3D0E20FD2A0D83A800686FFB /* EmptyStateView.swift in Sources */,
			);
			runOnlyForDeploymentPostprocessing = 0;
		};
/* End PBXSourcesBuildPhase section */

/* Begin XCBuildConfiguration section */
		3D0E20E82A0D611A00686FFB /* Debug */ = {
			isa = XCBuildConfiguration;
			buildSettings = {
				ALWAYS_SEARCH_USER_PATHS = NO;
				CLANG_ANALYZER_NONNULL = YES;
				CLANG_ANALYZER_NUMBER_OBJECT_CONVERSION = YES_AGGRESSIVE;
				CLANG_CXX_LANGUAGE_STANDARD = "gnu++20";
				CLANG_ENABLE_MODULES = YES;
				CLANG_ENABLE_OBJC_ARC = YES;
				CLANG_ENABLE_OBJC_WEAK = YES;
				CLANG_WARN_BLOCK_CAPTURE_AUTORELEASING = YES;
				CLANG_WARN_BOOL_CONVERSION = YES;
				CLANG_WARN_COMMA = YES;
				CLANG_WARN_CONSTANT_CONVERSION = YES;
				CLANG_WARN_DEPRECATED_OBJC_IMPLEMENTATIONS = YES;
				CLANG_WARN_DIRECT_OBJC_ISA_USAGE = YES_ERROR;
				CLANG_WARN_DOCUMENTATION_COMMENTS = YES;
				CLANG_WARN_EMPTY_BODY = YES;
				CLANG_WARN_ENUM_CONVERSION = YES;
				CLANG_WARN_INFINITE_RECURSION = YES;
				CLANG_WARN_INT_CONVERSION = YES;
				CLANG_WARN_NON_LITERAL_NULL_CONVERSION = YES;
				CLANG_WARN_OBJC_IMPLICIT_RETAIN_SELF = YES;
				CLANG_WARN_OBJC_LITERAL_CONVERSION = YES;
				CLANG_WARN_OBJC_ROOT_CLASS = YES_ERROR;
				CLANG_WARN_QUOTED_INCLUDE_IN_FRAMEWORK_HEADER = YES;
				CLANG_WARN_RANGE_LOOP_ANALYSIS = YES;
				CLANG_WARN_STRICT_PROTOTYPES = YES;
				CLANG_WARN_SUSPICIOUS_MOVE = YES;
				CLANG_WARN_UNGUARDED_AVAILABILITY = YES_AGGRESSIVE;
				CLANG_WARN_UNREACHABLE_CODE = YES;
				CLANG_WARN__DUPLICATE_METHOD_MATCH = YES;
				COPY_PHASE_STRIP = NO;
				DEBUG_INFORMATION_FORMAT = dwarf;
				ENABLE_STRICT_OBJC_MSGSEND = YES;
				ENABLE_TESTABILITY = YES;
				GCC_C_LANGUAGE_STANDARD = gnu11;
				GCC_DYNAMIC_NO_PIC = NO;
				GCC_NO_COMMON_BLOCKS = YES;
				GCC_OPTIMIZATION_LEVEL = 0;
				GCC_PREPROCESSOR_DEFINITIONS = (
					"DEBUG=1",
					"$(inherited)",
				);
				GCC_WARN_64_TO_32_BIT_CONVERSION = YES;
				GCC_WARN_ABOUT_RETURN_TYPE = YES_ERROR;
				GCC_WARN_UNDECLARED_SELECTOR = YES;
				GCC_WARN_UNINITIALIZED_AUTOS = YES_AGGRESSIVE;
				GCC_WARN_UNUSED_FUNCTION = YES;
				GCC_WARN_UNUSED_VARIABLE = YES;
				IPHONEOS_DEPLOYMENT_TARGET = 16.1;
				MTL_ENABLE_DEBUG_INFO = INCLUDE_SOURCE;
				MTL_FAST_MATH = YES;
				ONLY_ACTIVE_ARCH = YES;
				SDKROOT = iphoneos;
				SWIFT_ACTIVE_COMPILATION_CONDITIONS = DEBUG;
				SWIFT_OPTIMIZATION_LEVEL = "-Onone";
			};
			name = Debug;
		};
		3D0E20E92A0D611A00686FFB /* Release */ = {
			isa = XCBuildConfiguration;
			buildSettings = {
				ALWAYS_SEARCH_USER_PATHS = NO;
				CLANG_ANALYZER_NONNULL = YES;
				CLANG_ANALYZER_NUMBER_OBJECT_CONVERSION = YES_AGGRESSIVE;
				CLANG_CXX_LANGUAGE_STANDARD = "gnu++20";
				CLANG_ENABLE_MODULES = YES;
				CLANG_ENABLE_OBJC_ARC = YES;
				CLANG_ENABLE_OBJC_WEAK = YES;
				CLANG_WARN_BLOCK_CAPTURE_AUTORELEASING = YES;
				CLANG_WARN_BOOL_CONVERSION = YES;
				CLANG_WARN_COMMA = YES;
				CLANG_WARN_CONSTANT_CONVERSION = YES;
				CLANG_WARN_DEPRECATED_OBJC_IMPLEMENTATIONS = YES;
				CLANG_WARN_DIRECT_OBJC_ISA_USAGE = YES_ERROR;
				CLANG_WARN_DOCUMENTATION_COMMENTS = YES;
				CLANG_WARN_EMPTY_BODY = YES;
				CLANG_WARN_ENUM_CONVERSION = YES;
				CLANG_WARN_INFINITE_RECURSION = YES;
				CLANG_WARN_INT_CONVERSION = YES;
				CLANG_WARN_NON_LITERAL_NULL_CONVERSION = YES;
				CLANG_WARN_OBJC_IMPLICIT_RETAIN_SELF = YES;
				CLANG_WARN_OBJC_LITERAL_CONVERSION = YES;
				CLANG_WARN_OBJC_ROOT_CLASS = YES_ERROR;
				CLANG_WARN_QUOTED_INCLUDE_IN_FRAMEWORK_HEADER = YES;
				CLANG_WARN_RANGE_LOOP_ANALYSIS = YES;
				CLANG_WARN_STRICT_PROTOTYPES = YES;
				CLANG_WARN_SUSPICIOUS_MOVE = YES;
				CLANG_WARN_UNGUARDED_AVAILABILITY = YES_AGGRESSIVE;
				CLANG_WARN_UNREACHABLE_CODE = YES;
				CLANG_WARN__DUPLICATE_METHOD_MATCH = YES;
				COPY_PHASE_STRIP = NO;
				DEBUG_INFORMATION_FORMAT = "dwarf-with-dsym";
				ENABLE_NS_ASSERTIONS = NO;
				ENABLE_STRICT_OBJC_MSGSEND = YES;
				GCC_C_LANGUAGE_STANDARD = gnu11;
				GCC_NO_COMMON_BLOCKS = YES;
				GCC_WARN_64_TO_32_BIT_CONVERSION = YES;
				GCC_WARN_ABOUT_RETURN_TYPE = YES_ERROR;
				GCC_WARN_UNDECLARED_SELECTOR = YES;
				GCC_WARN_UNINITIALIZED_AUTOS = YES_AGGRESSIVE;
				GCC_WARN_UNUSED_FUNCTION = YES;
				GCC_WARN_UNUSED_VARIABLE = YES;
				IPHONEOS_DEPLOYMENT_TARGET = 16.1;
				MTL_ENABLE_DEBUG_INFO = NO;
				MTL_FAST_MATH = YES;
				SDKROOT = iphoneos;
				SWIFT_COMPILATION_MODE = wholemodule;
				SWIFT_OPTIMIZATION_LEVEL = "-O";
				VALIDATE_PRODUCT = YES;
			};
			name = Release;
		};
		3D0E20EB2A0D611A00686FFB /* Debug */ = {
			isa = XCBuildConfiguration;
			buildSettings = {
				ASSETCATALOG_COMPILER_APPICON_NAME = AppIcon;
				ASSETCATALOG_COMPILER_GLOBAL_ACCENT_COLOR_NAME = AccentColor;
				CODE_SIGN_STYLE = Automatic;
				CURRENT_PROJECT_VERSION = 1;
				DEVELOPMENT_ASSET_PATHS = "\"Todoey/Preview Content\"";
				DEVELOPMENT_TEAM = WC362J72KA;
				ENABLE_PREVIEWS = YES;
				GENERATE_INFOPLIST_FILE = YES;
				INFOPLIST_KEY_UIApplicationSceneManifest_Generation = YES;
				INFOPLIST_KEY_UIApplicationSupportsIndirectInputEvents = YES;
				INFOPLIST_KEY_UILaunchScreen_Generation = YES;
				INFOPLIST_KEY_UISupportedInterfaceOrientations_iPad = "UIInterfaceOrientationPortrait UIInterfaceOrientationPortraitUpsideDown UIInterfaceOrientationLandscapeLeft UIInterfaceOrientationLandscapeRight";
				INFOPLIST_KEY_UISupportedInterfaceOrientations_iPhone = "UIInterfaceOrientationPortrait UIInterfaceOrientationLandscapeLeft UIInterfaceOrientationLandscapeRight";
				LD_RUNPATH_SEARCH_PATHS = (
					"$(inherited)",
					"@executable_path/Frameworks",
				);
				MARKETING_VERSION = 1.0;
				PRODUCT_BUNDLE_IDENTIFIER = ca.bytesizedsoftware.Todoey;
				PRODUCT_NAME = "$(TARGET_NAME)";
				SWIFT_EMIT_LOC_STRINGS = YES;
				SWIFT_VERSION = 5.0;
				TARGETED_DEVICE_FAMILY = "1,2";
			};
			name = Debug;
		};
		3D0E20EC2A0D611A00686FFB /* Release */ = {
			isa = XCBuildConfiguration;
			buildSettings = {
				ASSETCATALOG_COMPILER_APPICON_NAME = AppIcon;
				ASSETCATALOG_COMPILER_GLOBAL_ACCENT_COLOR_NAME = AccentColor;
				CODE_SIGN_STYLE = Automatic;
				CURRENT_PROJECT_VERSION = 1;
				DEVELOPMENT_ASSET_PATHS = "\"Todoey/Preview Content\"";
				DEVELOPMENT_TEAM = WC362J72KA;
				ENABLE_PREVIEWS = YES;
				GENERATE_INFOPLIST_FILE = YES;
				INFOPLIST_KEY_UIApplicationSceneManifest_Generation = YES;
				INFOPLIST_KEY_UIApplicationSupportsIndirectInputEvents = YES;
				INFOPLIST_KEY_UILaunchScreen_Generation = YES;
				INFOPLIST_KEY_UISupportedInterfaceOrientations_iPad = "UIInterfaceOrientationPortrait UIInterfaceOrientationPortraitUpsideDown UIInterfaceOrientationLandscapeLeft UIInterfaceOrientationLandscapeRight";
				INFOPLIST_KEY_UISupportedInterfaceOrientations_iPhone = "UIInterfaceOrientationPortrait UIInterfaceOrientationLandscapeLeft UIInterfaceOrientationLandscapeRight";
				LD_RUNPATH_SEARCH_PATHS = (
					"$(inherited)",
					"@executable_path/Frameworks",
				);
				MARKETING_VERSION = 1.0;
				PRODUCT_BUNDLE_IDENTIFIER = ca.bytesizedsoftware.Todoey;
				PRODUCT_NAME = "$(TARGET_NAME)";
				SWIFT_EMIT_LOC_STRINGS = YES;
				SWIFT_VERSION = 5.0;
				TARGETED_DEVICE_FAMILY = "1,2";
			};
			name = Release;
		};
/* End XCBuildConfiguration section */

/* Begin XCConfigurationList section */
		3D0E20D72A0D611A00686FFB /* Build configuration list for PBXProject "Todoey" */ = {
			isa = XCConfigurationList;
			buildConfigurations = (
				3D0E20E82A0D611A00686FFB /* Debug */,
				3D0E20E92A0D611A00686FFB /* Release */,
			);
			defaultConfigurationIsVisible = 0;
			defaultConfigurationName = Release;
		};
		3D0E20EA2A0D611A00686FFB /* Build configuration list for PBXNativeTarget "Todoey" */ = {
			isa = XCConfigurationList;
			buildConfigurations = (
				3D0E20EB2A0D611A00686FFB /* Debug */,
				3D0E20EC2A0D611A00686FFB /* Release */,
			);
			defaultConfigurationIsVisible = 0;
			defaultConfigurationName = Release;
		};
/* End XCConfigurationList section */
	};
	rootObject = 3D0E20D42A0D611A00686FFB /* Project object */;
}
